Microsoft Visual Studio Solution File, Format Version 12.00
# Visual Studio Version 17
VisualStudioVersion = 17.13.35818.85
MinimumVisualStudioVersion = 10.0.40219.1
Project("{FAE04EC0-301F-11D3-BF4B-00C04F79EFBC}") = "Api", "Api\Api.csproj", "{F81DC75C-0224-4E21-88B0-B63066DF7C89}"
EndProject
Global
	GlobalSection(SolutionConfigurationPlatforms) = preSolution
		Debug|Any CPU = Debug|Any CPU
		Release|Any CPU = Release|Any CPU
	EndGlobalSection
	GlobalSection(ProjectConfigurationPlatforms) = postSolution
		{F81DC75C-0224-4E21-88B0-B63066DF7C89}.Debug|Any CPU.ActiveCfg = Debug|Any CPU
		{F81DC75C-0224-4E21-88B0-B63066DF7C89}.Debug|Any CPU.Build.0 = Debug|Any CPU
		{F81DC75C-0224-4E21-88B0-B63066DF7C89}.Release|Any CPU.ActiveCfg = Release|Any CPU
		{F81DC75C-0224-4E21-88B0-B63066DF7C89}.Release|Any CPU.Build.0 = Release|Any CPU
	EndGlobalSection
	GlobalSection(SolutionProperties) = preSolution
		HideSolutionNode = FALSE
	EndGlobalSection
	GlobalSection(ExtensibilityGlobals) = postSolution
		SolutionGuid = {66FD65EA-92C7-4BCB-AD93-5DC2F399C859}
	EndGlobalSection
EndGlobal
